
Microsoft Visual Studio Solution File, Format Version 12.00
# Visual Studio Version 17
VisualStudioVersion = 17.14.36408.4
MinimumVisualStudioVersion = 10.0.40219.1
Project("{8BC9CEB8-8B4A-11D0-8D11-00A0C91BC942}") = "AutoSteerTeensy", "AutoSteerTeensy.vcxproj", "{7799638D-FD7A-EAE2-1F7A-81D3258794FF}"
EndProject
Global
	GlobalSection(SolutionConfigurationPlatforms) = preSolution
		Debug|ARM = Debug|ARM
		Debug|ARM64 = Debug|ARM64
		Release|ARM = Release|ARM
		Release|ARM64 = Release|ARM64
	EndGlobalSection
	GlobalSection(ProjectConfigurationPlatforms) = postSolution
		{7799638D-FD7A-EAE2-1F7A-81D3258794FF}.Debug|ARM.ActiveCfg = Debug|ARM
		{7799638D-FD7A-EAE2-1F7A-81D3258794FF}.Debug|ARM.Build.0 = Debug|ARM
		{7799638D-FD7A-EAE2-1F7A-81D3258794FF}.Debug|ARM.Deploy.0 = Debug|ARM
		{7799638D-FD7A-EAE2-1F7A-81D3258794FF}.Debug|ARM64.ActiveCfg = Debug|ARM64
		{7799638D-FD7A-EAE2-1F7A-81D3258794FF}.Debug|ARM64.Build.0 = Debug|ARM64
		{7799638D-FD7A-EAE2-1F7A-81D3258794FF}.Debug|ARM64.Deploy.0 = Debug|ARM64
		{7799638D-FD7A-EAE2-1F7A-81D3258794FF}.Release|ARM.ActiveCfg = Release|ARM
		{7799638D-FD7A-EAE2-1F7A-81D3258794FF}.Release|ARM.Build.0 = Release|ARM
		{7799638D-FD7A-EAE2-1F7A-81D3258794FF}.Release|ARM.Deploy.0 = Release|ARM
		{7799638D-FD7A-EAE2-1F7A-81D3258794FF}.Release|ARM64.ActiveCfg = Release|ARM64
		{7799638D-FD7A-EAE2-1F7A-81D3258794FF}.Release|ARM64.Build.0 = Release|ARM64
		{7799638D-FD7A-EAE2-1F7A-81D3258794FF}.Release|ARM64.Deploy.0 = Release|ARM64
	EndGlobalSection
	GlobalSection(SolutionProperties) = preSolution
		HideSolutionNode = FALSE
	EndGlobalSection
	GlobalSection(ExtensibilityGlobals) = postSolution
		SolutionGuid = {46784F8A-6095-4199-B7F4-CF578524B338}
	EndGlobalSection
EndGlobal
